
Microsoft Visual Studio Solution File, Format Version 12.00
# Visual Studio Version 17
VisualStudioVersion = 17.3.32901.215
MinimumVisualStudioVersion = 10.0.40219.1
Project("{FAE04EC0-301F-11D3-BF4B-00C04F79EFBC}") = "CodeTest", "CodeTest.csproj", "{FA4DE5C0-5954-40E5-B8E4-FF4D1D665ABE}"
EndProject
Global
	GlobalSection(SolutionConfigurationPlatforms) = preSolution
		Debug|Any CPU = Debug|Any CPU
		Release|Any CPU = Release|Any CPU
	EndGlobalSection
	GlobalSection(ProjectConfigurationPlatforms) = postSolution
		{FA4DE5C0-5954-40E5-B8E4-FF4D1D665ABE}.Debug|Any CPU.ActiveCfg = Debug|Any CPU
		{FA4DE5C0-5954-40E5-B8E4-FF4D1D665ABE}.Debug|Any CPU.Build.0 = Debug|Any CPU
		{FA4DE5C0-5954-40E5-B8E4-FF4D1D665ABE}.Release|Any CPU.ActiveCfg = Release|Any CPU
		{FA4DE5C0-5954-40E5-B8E4-FF4D1D665ABE}.Release|Any CPU.Build.0 = Release|Any CPU
	EndGlobalSection
	GlobalSection(SolutionProperties) = preSolution
		HideSolutionNode = FALSE
	EndGlobalSection
	GlobalSection(ExtensibilityGlobals) = postSolution
		SolutionGuid = {8AE6C3A1-C60C-43F9-8122-063C775690EF}
	EndGlobalSection
EndGlobal
